
Microsoft Visual Studio Solution File, Format Version 12.00
# Visual Studio Version 16
VisualStudioVersion = 16.0.30002.166
MinimumVisualStudioVersion = 10.0.40219.1
Project("{FAE04EC0-301F-11D3-BF4B-00C04F79EFBC}") = "ConsoleTetris", "ConsoleTetris\ConsoleTetris.csproj", "{E1A1991C-9236-4904-BA94-3786238631F5}"
EndProject
Global
	GlobalSection(SolutionConfigurationPlatforms) = preSolution
		Debug|Any CPU = Debug|Any CPU
		Release|Any CPU = Release|Any CPU
	EndGlobalSection
	GlobalSection(ProjectConfigurationPlatforms) = postSolution
		{E1A1991C-9236-4904-BA94-3786238631F5}.Debug|Any CPU.ActiveCfg = Debug|Any CPU
		{E1A1991C-9236-4904-BA94-3786238631F5}.Debug|Any CPU.Build.0 = Debug|Any CPU
		{E1A1991C-9236-4904-BA94-3786238631F5}.Release|Any CPU.ActiveCfg = Release|Any CPU
		{E1A1991C-9236-4904-BA94-3786238631F5}.Release|Any CPU.Build.0 = Release|Any CPU
	EndGlobalSection
	GlobalSection(SolutionProperties) = preSolution
		HideSolutionNode = FALSE
	EndGlobalSection
	GlobalSection(ExtensibilityGlobals) = postSolution
		SolutionGuid = {98E761BE-C39C-43B9-9502-175027660057}
	EndGlobalSection
EndGlobal
